
Microsoft Visual Studio Solution File, Format Version 12.00
# Visual Studio Version 17
VisualStudioVersion = 17.4.33122.133
MinimumVisualStudioVersion = 10.0.40219.1
Project("{FAE04EC0-301F-11D3-BF4B-00C04F79EFBC}") = "краскал", "краскал\краскал.csproj", "{CAEDFD1D-42D7-4101-9F08-E6D506EC2A47}"
EndProject
Global
	GlobalSection(SolutionConfigurationPlatforms) = preSolution
		Debug|Any CPU = Debug|Any CPU
		Release|Any CPU = Release|Any CPU
	EndGlobalSection
	GlobalSection(ProjectConfigurationPlatforms) = postSolution
		{CAEDFD1D-42D7-4101-9F08-E6D506EC2A47}.Debug|Any CPU.ActiveCfg = Debug|Any CPU
		{CAEDFD1D-42D7-4101-9F08-E6D506EC2A47}.Debug|Any CPU.Build.0 = Debug|Any CPU
		{CAEDFD1D-42D7-4101-9F08-E6D506EC2A47}.Release|Any CPU.ActiveCfg = Release|Any CPU
		{CAEDFD1D-42D7-4101-9F08-E6D506EC2A47}.Release|Any CPU.Build.0 = Release|Any CPU
	EndGlobalSection
	GlobalSection(SolutionProperties) = preSolution
		HideSolutionNode = FALSE
	EndGlobalSection
	GlobalSection(ExtensibilityGlobals) = postSolution
		SolutionGuid = {CD19978C-3608-454F-AAD2-0A564DD6470E}
	EndGlobalSection
EndGlobal
